
Microsoft Visual Studio Solution File, Format Version 12.00
# Visual Studio Version 17
VisualStudioVersion = 17.11.35312.102
MinimumVisualStudioVersion = 10.0.40219.1
Project("{FAE04EC0-301F-11D3-BF4B-00C04F79EFBC}") = "WebAPI", "WebAPI\WebAPI.csproj", "{F220FA94-52CE-4BDB-A952-A88634F7275A}"
EndProject
Project("{FAE04EC0-301F-11D3-BF4B-00C04F79EFBC}") = "Hulujan_Iulia-Petruta_Lab11", "Hulujan_Iulia-Petruta_Lab11\Hulujan_Iulia-Petruta_Lab11.csproj", "{A00CFD86-9377-4639-972D-C9D5C3DE4AA3}"
EndProject
Global
	GlobalSection(SolutionConfigurationPlatforms) = preSolution
		Debug|Any CPU = Debug|Any CPU
		Release|Any CPU = Release|Any CPU
	EndGlobalSection
	GlobalSection(ProjectConfigurationPlatforms) = postSolution
		{F220FA94-52CE-4BDB-A952-A88634F7275A}.Debug|Any CPU.ActiveCfg = Debug|Any CPU
		{F220FA94-52CE-4BDB-A952-A88634F7275A}.Debug|Any CPU.Build.0 = Debug|Any CPU
		{F220FA94-52CE-4BDB-A952-A88634F7275A}.Release|Any CPU.ActiveCfg = Release|Any CPU
		{F220FA94-52CE-4BDB-A952-A88634F7275A}.Release|Any CPU.Build.0 = Release|Any CPU
		{A00CFD86-9377-4639-972D-C9D5C3DE4AA3}.Debug|Any CPU.ActiveCfg = Debug|Any CPU
		{A00CFD86-9377-4639-972D-C9D5C3DE4AA3}.Debug|Any CPU.Build.0 = Debug|Any CPU
		{A00CFD86-9377-4639-972D-C9D5C3DE4AA3}.Debug|Any CPU.Deploy.0 = Debug|Any CPU
		{A00CFD86-9377-4639-972D-C9D5C3DE4AA3}.Release|Any CPU.ActiveCfg = Release|Any CPU
		{A00CFD86-9377-4639-972D-C9D5C3DE4AA3}.Release|Any CPU.Build.0 = Release|Any CPU
		{A00CFD86-9377-4639-972D-C9D5C3DE4AA3}.Release|Any CPU.Deploy.0 = Release|Any CPU
	EndGlobalSection
	GlobalSection(SolutionProperties) = preSolution
		HideSolutionNode = FALSE
	EndGlobalSection
	GlobalSection(ExtensibilityGlobals) = postSolution
		SolutionGuid = {022AFFF0-824E-4825-A5CB-1AC0B3A799A6}
	EndGlobalSection
EndGlobal
